
Microsoft Visual Studio Solution File, Format Version 12.00
# Visual Studio Version 17
VisualStudioVersion = 17.14.36915.13
MinimumVisualStudioVersion = 10.0.40219.1
Project("{54A90642-561A-4BB1-A94E-469ADEE60C69}") = "vuewebenterprise.client", "vuewebenterprise.client\vuewebenterprise.client.esproj", "{CA861F89-8E23-AEA9-EBBF-4FF34A6FBC50}"
EndProject
Project("{FAE04EC0-301F-11D3-BF4B-00C04F79EFBC}") = "VueWebEnterprise.Api", "VueWebEnterprise.Api\VueWebEnterprise.Api.csproj", "{E4B9EF35-6194-4088-9493-0924056FAEF6}"
EndProject
Project("{FAE04EC0-301F-11D3-BF4B-00C04F79EFBC}") = "VueWebEnterprise.Application", "VueWebEnterprise.Application\VueWebEnterprise.Application.csproj", "{A1B2C3D4-E5F6-7890-ABCD-EF1234567890}"
EndProject
#if (IncludeDatabase)
Project("{FAE04EC0-301F-11D3-BF4B-00C04F79EFBC}") = "VueWebEnterprise.Infrastructure", "VueWebEnterprise.Infrastructure\VueWebEnterprise.Infrastructure.csproj", "{B8E76C33-55BF-487D-836E-C7942E97F75D}"
EndProject
#endif
Project("{FAE04EC0-301F-11D3-BF4B-00C04F79EFBC}") = "VueWebEnterprise.Domain", "VueWebEnterprise.Domain\VueWebEnterprise.Domain.csproj", "{B96DD0C2-E433-404A-AB1F-65FFE21207E0}"
EndProject
Global
	GlobalSection(SolutionConfigurationPlatforms) = preSolution
		Debug|Any CPU = Debug|Any CPU
		Debug|x64 = Debug|x64
		Debug|x86 = Debug|x86
		Release|Any CPU = Release|Any CPU
		Release|x64 = Release|x64
		Release|x86 = Release|x86
	EndGlobalSection
	GlobalSection(ProjectConfigurationPlatforms) = postSolution
		{CA861F89-8E23-AEA9-EBBF-4FF34A6FBC50}.Debug|Any CPU.ActiveCfg = Debug|Any CPU
		{CA861F89-8E23-AEA9-EBBF-4FF34A6FBC50}.Debug|Any CPU.Build.0 = Debug|Any CPU
		{CA861F89-8E23-AEA9-EBBF-4FF34A6FBC50}.Debug|Any CPU.Deploy.0 = Debug|Any CPU
		{CA861F89-8E23-AEA9-EBBF-4FF34A6FBC50}.Debug|x64.ActiveCfg = Debug|x64
		{CA861F89-8E23-AEA9-EBBF-4FF34A6FBC50}.Debug|x86.ActiveCfg = Debug|x86
		{CA861F89-8E23-AEA9-EBBF-4FF34A6FBC50}.Release|Any CPU.ActiveCfg = Release|Any CPU
		{CA861F89-8E23-AEA9-EBBF-4FF34A6FBC50}.Release|Any CPU.Build.0 = Release|Any CPU
		{CA861F89-8E23-AEA9-EBBF-4FF34A6FBC50}.Release|Any CPU.Deploy.0 = Release|Any CPU
		{CA861F89-8E23-AEA9-EBBF-4FF34A6FBC50}.Release|x64.ActiveCfg = Release|x64
		{CA861F89-8E23-AEA9-EBBF-4FF34A6FBC50}.Release|x86.ActiveCfg = Release|x86
		{E4B9EF35-6194-4088-9493-0924056FAEF6}.Debug|Any CPU.ActiveCfg = Debug|Any CPU
		{E4B9EF35-6194-4088-9493-0924056FAEF6}.Debug|Any CPU.Build.0 = Debug|Any CPU
		{E4B9EF35-6194-4088-9493-0924056FAEF6}.Debug|x64.ActiveCfg = Debug|Any CPU
		{E4B9EF35-6194-4088-9493-0924056FAEF6}.Debug|x64.Build.0 = Debug|Any CPU
		{E4B9EF35-6194-4088-9493-0924056FAEF6}.Debug|x86.ActiveCfg = Debug|Any CPU
		{E4B9EF35-6194-4088-9493-0924056FAEF6}.Debug|x86.Build.0 = Debug|Any CPU
		{E4B9EF35-6194-4088-9493-0924056FAEF6}.Release|Any CPU.ActiveCfg = Release|Any CPU
		{E4B9EF35-6194-4088-9493-0924056FAEF6}.Release|Any CPU.Build.0 = Release|Any CPU
		{E4B9EF35-6194-4088-9493-0924056FAEF6}.Release|x64.ActiveCfg = Release|Any CPU
		{E4B9EF35-6194-4088-9493-0924056FAEF6}.Release|x64.Build.0 = Release|Any CPU
		{E4B9EF35-6194-4088-9493-0924056FAEF6}.Release|x86.ActiveCfg = Release|Any CPU
		{E4B9EF35-6194-4088-9493-0924056FAEF6}.Release|x86.Build.0 = Release|Any CPU
#if (IncludeDatabase)
		{B8E76C33-55BF-487D-836E-C7942E97F75D}.Debug|Any CPU.ActiveCfg = Debug|Any CPU
		{B8E76C33-55BF-487D-836E-C7942E97F75D}.Debug|Any CPU.Build.0 = Debug|Any CPU
		{B8E76C33-55BF-487D-836E-C7942E97F75D}.Debug|x64.ActiveCfg = Debug|Any CPU
		{B8E76C33-55BF-487D-836E-C7942E97F75D}.Debug|x64.Build.0 = Debug|Any CPU
		{B8E76C33-55BF-487D-836E-C7942E97F75D}.Debug|x86.ActiveCfg = Debug|Any CPU
		{B8E76C33-55BF-487D-836E-C7942E97F75D}.Debug|x86.Build.0 = Debug|Any CPU
		{B8E76C33-55BF-487D-836E-C7942E97F75D}.Release|Any CPU.ActiveCfg = Release|Any CPU
		{B8E76C33-55BF-487D-836E-C7942E97F75D}.Release|Any CPU.Build.0 = Release|Any CPU
		{B8E76C33-55BF-487D-836E-C7942E97F75D}.Release|x64.ActiveCfg = Release|Any CPU
		{B8E76C33-55BF-487D-836E-C7942E97F75D}.Release|x64.Build.0 = Release|Any CPU
		{B8E76C33-55BF-487D-836E-C7942E97F75D}.Release|x86.ActiveCfg = Release|Any CPU
		{B8E76C33-55BF-487D-836E-C7942E97F75D}.Release|x86.Build.0 = Release|Any CPU
#endif
		{A1B2C3D4-E5F6-7890-ABCD-EF1234567890}.Debug|Any CPU.ActiveCfg = Debug|Any CPU
		{A1B2C3D4-E5F6-7890-ABCD-EF1234567890}.Debug|Any CPU.Build.0 = Debug|Any CPU
		{A1B2C3D4-E5F6-7890-ABCD-EF1234567890}.Debug|x64.ActiveCfg = Debug|Any CPU
		{A1B2C3D4-E5F6-7890-ABCD-EF1234567890}.Debug|x64.Build.0 = Debug|Any CPU
		{A1B2C3D4-E5F6-7890-ABCD-EF1234567890}.Debug|x86.ActiveCfg = Debug|Any CPU
		{A1B2C3D4-E5F6-7890-ABCD-EF1234567890}.Debug|x86.Build.0 = Debug|Any CPU
		{A1B2C3D4-E5F6-7890-ABCD-EF1234567890}.Release|Any CPU.ActiveCfg = Release|Any CPU
		{A1B2C3D4-E5F6-7890-ABCD-EF1234567890}.Release|Any CPU.Build.0 = Release|Any CPU
		{A1B2C3D4-E5F6-7890-ABCD-EF1234567890}.Release|x64.ActiveCfg = Release|Any CPU
		{A1B2C3D4-E5F6-7890-ABCD-EF1234567890}.Release|x64.Build.0 = Release|Any CPU
		{A1B2C3D4-E5F6-7890-ABCD-EF1234567890}.Release|x86.ActiveCfg = Release|Any CPU
		{A1B2C3D4-E5F6-7890-ABCD-EF1234567890}.Release|x86.Build.0 = Release|Any CPU
		{B96DD0C2-E433-404A-AB1F-65FFE21207E0}.Debug|Any CPU.ActiveCfg = Debug|Any CPU
		{B96DD0C2-E433-404A-AB1F-65FFE21207E0}.Debug|Any CPU.Build.0 = Debug|Any CPU
		{B96DD0C2-E433-404A-AB1F-65FFE21207E0}.Debug|x64.ActiveCfg = Debug|Any CPU
		{B96DD0C2-E433-404A-AB1F-65FFE21207E0}.Debug|x64.Build.0 = Debug|Any CPU
		{B96DD0C2-E433-404A-AB1F-65FFE21207E0}.Debug|x86.ActiveCfg = Debug|Any CPU
		{B96DD0C2-E433-404A-AB1F-65FFE21207E0}.Debug|x86.Build.0 = Debug|Any CPU
		{B96DD0C2-E433-404A-AB1F-65FFE21207E0}.Release|Any CPU.ActiveCfg = Release|Any CPU
		{B96DD0C2-E433-404A-AB1F-65FFE21207E0}.Release|Any CPU.Build.0 = Release|Any CPU
		{B96DD0C2-E433-404A-AB1F-65FFE21207E0}.Release|x64.ActiveCfg = Release|Any CPU
		{B96DD0C2-E433-404A-AB1F-65FFE21207E0}.Release|x64.Build.0 = Release|Any CPU
		{B96DD0C2-E433-404A-AB1F-65FFE21207E0}.Release|x86.ActiveCfg = Release|Any CPU
		{B96DD0C2-E433-404A-AB1F-65FFE21207E0}.Release|x86.Build.0 = Release|Any CPU
	EndGlobalSection
	GlobalSection(SolutionProperties) = preSolution
		HideSolutionNode = FALSE
	EndGlobalSection
	GlobalSection(ExtensibilityGlobals) = postSolution
		SolutionGuid = {7CE4AECD-BB0C-40E7-B2EC-CF92A1CE6247}
	EndGlobalSection
EndGlobal
